# This file is automatically @generated by Cargo.
# It is not intended for manual editing.
version = 3

[[package]]
name = "environment"
version = "0.1.0"

[[package]]
name = "interpreter"
version = "0.1.0"
dependencies = [
 "environment",
 "lexer",
 "parser",
]

[[package]]
name = "lexer"
version = "0.1.0"

[[package]]
name = "linus"
version = "0.1.0"
dependencies = [
 "environment",
 "interpreter",
 "lexer",
 "parser",
]

[[package]]
name = "parser"
version = "0.1.0"
dependencies = [
 "lexer",
]
